// !$*UTF8*$!
{
	archiveVersion = 1;
	classes = {
	};
	objectVersion = 46;
	objects = {

/* Begin PBXBuildFile section */
		44584AA31EAAB9A300AADB0A /* AppDelegate.swift in Sources */ = {isa = PBXBuildFile; fileRef = 44584AA21EAAB9A300AADB0A /* AppDelegate.swift */; };
		44584AA51EAAB9A300AADB0A /* ViewController.swift in Sources */ = {isa = PBXBuildFile; fileRef = 44584AA41EAAB9A300AADB0A /* ViewController.swift */; };
		44584AA81EAAB9A300AADB0A /* Main.storyboard in Resources */ = {isa = PBXBuildFile; fileRef = 44584AA61EAAB9A300AADB0A /* Main.storyboard */; };
		44584AAA1EAAB9A300AADB0A /* Assets.xcassets in Resources */ = {isa = PBXBuildFile; fileRef = 44584AA91EAAB9A300AADB0A /* Assets.xcassets */; };
		44584AAD1EAAB9A300AADB0A /* LaunchScreen.storyboard in Resources */ = {isa = PBXBuildFile; fileRef = 44584AAB1EAAB9A300AADB0A /* LaunchScreen.storyboard */; };
		44584AB81EAAB9A300AADB0A /* TestGitTests.swift in Sources */ = {isa = PBXBuildFile; fileRef = 44584AB71EAAB9A300AADB0A /* TestGitTests.swift */; };
		44584AC31EAAB9A300AADB0A /* TestGitUITests.swift in Sources */ = {isa = PBXBuildFile; fileRef = 44584AC21EAAB9A300AADB0A /* TestGitUITests.swift */; };
/* End PBXBuildFile section */

/* Begin PBXContainerItemProxy section */
		44584AB41EAAB9A300AADB0A /* PBXContainerItemProxy */ = {
			isa = PBXContainerItemProxy;
			containerPortal = 44584A971EAAB9A200AADB0A /* Project object */;
			proxyType = 1;
			remoteGlobalIDString = 44584A9E1EAAB9A200AADB0A;
			remoteInfo = TestGit;
		};
		44584ABF1EAAB9A300AADB0A /* PBXContainerItemProxy */ = {
			isa = PBXContainerItemProxy;
			containerPortal = 44584A971EAAB9A200AADB0A /* Project object */;
			proxyType = 1;
			remoteGlobalIDString = 44584A9E1EAAB9A200AADB0A;
			remoteInfo = TestGit;
		};
/* End PBXContainerItemProxy section */

/* Begin PBXFileReference section */
		44584A9F1EAAB9A300AADB0A /* TestGit.app */ = {isa = PBXFileReference; explicitFileType = wrapper.application; includeInIndex = 0; path = TestGit.app; sourceTree = BUILT_PRODUCTS_DIR; };
		44584AA21EAAB9A300AADB0A /* AppDelegate.swift */ = {isa = PBXFileReference; lastKnownFileType = sourcecode.swift; path = AppDelegate.swift; sourceTree = "<group>"; };
		44584AA41EAAB9A300AADB0A /* ViewController.swift */ = {isa = PBXFileReference; lastKnownFileType = sourcecode.swift; path = ViewController.swift; sourceTree = "<group>"; };
		44584AA71EAAB9A300AADB0A /* Base */ = {isa = PBXFileReference; lastKnownFileType = file.storyboard; name = Base; path = Base.lproj/Main.storyboard; sourceTree = "<group>"; };
		44584AA91EAAB9A300AADB0A /* Assets.xcassets */ = {isa = PBXFileReference; lastKnownFileType = folder.assetcatalog; path = Assets.xcassets; sourceTree = "<group>"; };
		44584AAC1EAAB9A300AADB0A /* Base */ = {isa = PBXFileReference; lastKnownFileType = file.storyboard; name = Base; path = Base.lproj/LaunchScreen.storyboard; sourceTree = "<group>"; };
		44584AAE1EAAB9A300AADB0A /* Info.plist */ = {isa = PBXFileReference; lastKnownFileType = text.plist.xml; path = Info.plist; sourceTree = "<group>"; };
		44584AB31EAAB9A300AADB0A /* TestGitTests.xctest */ = {isa = PBXFileReference; explicitFileType = wrapper.cfbundle; includeInIndex = 0; path = TestGitTests.xctest; sourceTree = BUILT_PRODUCTS_DIR; };
		44584AB71EAAB9A300AADB0A /* TestGitTests.swift */ = {isa = PBXFileReference; lastKnownFileType = sourcecode.swift; path = TestGitTests.swift; sourceTree = "<group>"; };
		44584AB91EAAB9A300AADB0A /* Info.plist */ = {isa = PBXFileReference; lastKnownFileType = text.plist.xml; path = Info.plist; sourceTree = "<group>"; };
		44584ABE1EAAB9A300AADB0A /* TestGitUITests.xctest */ = {isa = PBXFileReference; explicitFileType = wrapper.cfbundle; includeInIndex = 0; path = TestGitUITests.xctest; sourceTree = BUILT_PRODUCTS_DIR; };
		44584AC21EAAB9A300AADB0A /* TestGitUITests.swift */ = {isa = PBXFileReference; lastKnownFileType = sourcecode.swift; path = TestGitUITests.swift; sourceTree = "<group>"; };
		44584AC41EAAB9A300AADB0A /* Info.plist */ = {isa = PBXFileReference; lastKnownFileType = text.plist.xml; path = Info.plist; sourceTree = "<group>"; };
/* End PBXFileReference section */

/* Begin PBXFrameworksBuildPhase section */
		44584A9C1EAAB9A200AADB0A /* Frameworks */ = {
			isa = PBXFrameworksBuildPhase;
			buildActionMask = 2147483647;
			files = (
			);
			runOnlyForDeploymentPostprocessing = 0;
		};
		44584AB01EAAB9A300AADB0A /* Frameworks */ = {
			isa = PBXFrameworksBuildPhase;
			buildActionMask = 2147483647;
			files = (
			);
			runOnlyForDeploymentPostprocessing = 0;
		};
		44584ABB1EAAB9A300AADB0A /* Frameworks */ = {
			isa = PBXFrameworksBuildPhase;
			buildActionMask = 2147483647;
			files = (
			);
			runOnlyForDeploymentPostprocessing = 0;
		};
/* End PBXFrameworksBuildPhase section */

/* Begin PBXGroup section */
		44584A961EAAB9A200AADB0A = {
			isa = PBXGroup;
			children = (
				44584AA11EAAB9A300AADB0A /* TestGit */,
				44584AB61EAAB9A300AADB0A /* TestGitTests */,
				44584AC11EAAB9A300AADB0A /* TestGitUITests */,
				44584AA01EAAB9A300AADB0A /* Products */,
			);
			sourceTree = "<group>";
		};
		44584AA01EAAB9A300AADB0A /* Products */ = {
			isa = PBXGroup;
			children = (
				44584A9F1EAAB9A300AADB0A /* TestGit.app */,
				44584AB31EAAB9A300AADB0A /* TestGitTests.xctest */,
				44584ABE1EAAB9A300AADB0A /* TestGitUITests.xctest */,
			);
			name = Products;
			sourceTree = "<group>";
		};
		44584AA11EAAB9A300AADB0A /* TestGit */ = {
			isa = PBXGroup;
			children = (
				44584AA21EAAB9A300AADB0A /* AppDelegate.swift */,
				44584AA41EAAB9A300AADB0A /* ViewController.swift */,
				44584AA61EAAB9A300AADB0A /* Main.storyboard */,
				44584AA91EAAB9A300AADB0A /* Assets.xcassets */,
				44584AAB1EAAB9A300AADB0A /* LaunchScreen.storyboard */,
				44584AAE1EAAB9A300AADB0A /* Info.plist */,
			);
			path = TestGit;
			sourceTree = "<group>";
		};
		44584AB61EAAB9A300AADB0A /* TestGitTests */ = {
			isa = PBXGroup;
			children = (
				44584AB71EAAB9A300AADB0A /* TestGitTests.swift */,
				44584AB91EAAB9A300AADB0A /* Info.plist */,
			);
			path = TestGitTests;
			sourceTree = "<group>";
		};
		44584AC11EAAB9A300AADB0A /* TestGitUITests */ = {
			isa = PBXGroup;
			children = (
				44584AC21EAAB9A300AADB0A /* TestGitUITests.swift */,
				44584AC41EAAB9A300AADB0A /* Info.plist */,
			);
			path = TestGitUITests;
			sourceTree = "<group>";
		};
/* End PBXGroup section */

/* Begin PBXNativeTarget section */
		44584A9E1EAAB9A200AADB0A /* TestGit */ = {
			isa = PBXNativeTarget;
			buildConfigurationList = 44584AC71EAAB9A300AADB0A /* Build configuration list for PBXNativeTarget "TestGit" */;
			buildPhases = (
				44584A9B1EAAB9A200AADB0A /* Sources */,
				44584A9C1EAAB9A200AADB0A /* Frameworks */,
				44584A9D1EAAB9A200AADB0A /* Resources */,
			);
			buildRules = (
			);
			dependencies = (
			);
			name = TestGit;
			productName = TestGit;
			productReference = 44584A9F1EAAB9A300AADB0A /* TestGit.app */;
			productType = "com.apple.product-type.application";
		};
		44584AB21EAAB9A300AADB0A /* TestGitTests */ = {
			isa = PBXNativeTarget;
			buildConfigurationList = 44584ACA1EAAB9A300AADB0A /* Build configuration list for PBXNativeTarget "TestGitTests" */;
			buildPhases = (
				44584AAF1EAAB9A300AADB0A /* Sources */,
				44584AB01EAAB9A300AADB0A /* Frameworks */,
				44584AB11EAAB9A300AADB0A /* Resources */,
			);
			buildRules = (
			);
			dependencies = (
				44584AB51EAAB9A300AADB0A /* PBXTargetDependency */,
			);
			name = TestGitTests;
			productName = TestGitTests;
			productReference = 44584AB31EAAB9A300AADB0A /* TestGitTests.xctest */;
			productType = "com.apple.product-type.bundle.unit-test";
		};
		44584ABD1EAAB9A300AADB0A /* TestGitUITests */ = {
			isa = PBXNativeTarget;
			buildConfigurationList = 44584ACD1EAAB9A300AADB0A /* Build configuration list for PBXNativeTarget "TestGitUITests" */;
			buildPhases = (
				44584ABA1EAAB9A300AADB0A /* Sources */,
				44584ABB1EAAB9A300AADB0A /* Frameworks */,
				44584ABC1EAAB9A300AADB0A /* Resources */,
			);
			buildRules = (
			);
			dependencies = (
				44584AC01EAAB9A300AADB0A /* PBXTargetDependency */,
			);
			name = TestGitUITests;
			productName = TestGitUITests;
			productReference = 44584ABE1EAAB9A300AADB0A /* TestGitUITests.xctest */;
			productType = "com.apple.product-type.bundle.ui-testing";
		};
/* End PBXNativeTarget section */

/* Begin PBXProject section */
		44584A971EAAB9A200AADB0A /* Project object */ = {
			isa = PBXProject;
			attributes = {
				LastSwiftUpdateCheck = 0820;
				LastUpgradeCheck = 0820;
				ORGANIZATIONNAME = JETS;
				TargetAttributes = {
					44584A9E1EAAB9A200AADB0A = {
						CreatedOnToolsVersion = 8.2.1;
						ProvisioningStyle = Automatic;
					};
					44584AB21EAAB9A300AADB0A = {
						CreatedOnToolsVersion = 8.2.1;
						ProvisioningStyle = Automatic;
						TestTargetID = 44584A9E1EAAB9A200AADB0A;
					};
					44584ABD1EAAB9A300AADB0A = {
						CreatedOnToolsVersion = 8.2.1;
						ProvisioningStyle = Automatic;
						TestTargetID = 44584A9E1EAAB9A200AADB0A;
					};
				};
			};
			buildConfigurationList = 44584A9A1EAAB9A200AADB0A /* Build configuration list for PBXProject "TestGit" */;
			compatibilityVersion = "Xcode 3.2";
			developmentRegion = English;
			hasScannedForEncodings = 0;
			knownRegions = (
				en,
				Base,
			);
			mainGroup = 44584A961EAAB9A200AADB0A;
			productRefGroup = 44584AA01EAAB9A300AADB0A /* Products */;
			projectDirPath = "";
			projectRoot = "";
			targets = (
				44584A9E1EAAB9A200AADB0A /* TestGit */,
				44584AB21EAAB9A300AADB0A /* TestGitTests */,
				44584ABD1EAAB9A300AADB0A /* TestGitUITests */,
			);
		};
/* End PBXProject section */

/* Begin PBXResourcesBuildPhase section */
		44584A9D1EAAB9A200AADB0A /* Resources */ = {
			isa = PBXResourcesBuildPhase;
			buildActionMask = 2147483647;
			files = (
				44584AAD1EAAB9A300AADB0A /* LaunchScreen.storyboard in Resources */,
				44584AAA1EAAB9A300AADB0A /* Assets.xcassets in Resources */,
				44584AA81EAAB9A300AADB0A /* Main.storyboard in Resources */,
			);
			runOnlyForDeploymentPostprocessing = 0;
		};
		44584AB11EAAB9A300AADB0A /* Resources */ = {
			isa = PBXResourcesBuildPhase;
			buildActionMask = 2147483647;
			files = (
			);
			runOnlyForDeploymentPostprocessing = 0;
		};
		44584ABC1EAAB9A300AADB0A /* Resources */ = {
			isa = PBXResourcesBuildPhase;
			buildActionMask = 2147483647;
			files = (
			);
			runOnlyForDeploymentPostprocessing = 0;
		};
/* End PBXResourcesBuildPhase section */

/* Begin PBXSourcesBuildPhase section */
		44584A9B1EAAB9A200AADB0A /* Sources */ = {
			isa = PBXSourcesBuildPhase;
			buildActionMask = 2147483647;
			files = (
				44584AA51EAAB9A300AADB0A /* ViewController.swift in Sources */,
				44584AA31EAAB9A300AADB0A /* AppDelegate.swift in Sources */,
			);
			runOnlyForDeploymentPostprocessing = 0;
		};
		44584AAF1EAAB9A300AADB0A /* Sources */ = {
			isa = PBXSourcesBuildPhase;
			buildActionMask = 2147483647;
			files = (
				44584AB81EAAB9A300AADB0A /* TestGitTests.swift in Sources */,
			);
			runOnlyForDeploymentPostprocessing = 0;
		};
		44584ABA1EAAB9A300AADB0A /* Sources */ = {
			isa = PBXSourcesBuildPhase;
			buildActionMask = 2147483647;
			files = (
				44584AC31EAAB9A300AADB0A /* TestGitUITests.swift in Sources */,
			);
			runOnlyForDeploymentPostprocessing = 0;
		};
/* End PBXSourcesBuildPhase section */

/* Begin PBXTargetDependency section */
		44584AB51EAAB9A300AADB0A /* PBXTargetDependency */ = {
			isa = PBXTargetDependency;
			target = 44584A9E1EAAB9A200AADB0A /* TestGit */;
			targetProxy = 44584AB41EAAB9A300AADB0A /* PBXContainerItemProxy */;
		};
		44584AC01EAAB9A300AADB0A /* PBXTargetDependency */ = {
			isa = PBXTargetDependency;
			target = 44584A9E1EAAB9A200AADB0A /* TestGit */;
			targetProxy = 44584ABF1EAAB9A300AADB0A /* PBXContainerItemProxy */;
		};
/* End PBXTargetDependency section */

/* Begin PBXVariantGroup section */
		44584AA61EAAB9A300AADB0A /* Main.storyboard */ = {
			isa = PBXVariantGroup;
			children = (
				44584AA71EAAB9A300AADB0A /* Base */,
			);
			name = Main.storyboard;
			sourceTree = "<group>";
		};
		44584AAB1EAAB9A300AADB0A /* LaunchScreen.storyboard */ = {
			isa = PBXVariantGroup;
			children = (
				44584AAC1EAAB9A300AADB0A /* Base */,
			);
			name = LaunchScreen.storyboard;
			sourceTree = "<group>";
		};
/* End PBXVariantGroup section */

/* Begin XCBuildConfiguration section */
		44584AC51EAAB9A300AADB0A /* Debug */ = {
			isa = XCBuildConfiguration;
			buildSettings = {
				ALWAYS_SEARCH_USER_PATHS = NO;
				CLANG_ANALYZER_NONNULL = YES;
				CLANG_CXX_LANGUAGE_STANDARD = "gnu++0x";
				CLANG_CXX_LIBRARY = "libc++";
				CLANG_ENABLE_MODULES = YES;
				CLANG_ENABLE_OBJC_ARC = YES;
				CLANG_WARN_BOOL_CONVERSION = YES;
				CLANG_WARN_CONSTANT_CONVERSION = YES;
				CLANG_WARN_DIRECT_OBJC_ISA_USAGE = YES_ERROR;
				CLANG_WARN_DOCUMENTATION_COMMENTS = YES;
				CLANG_WARN_EMPTY_BODY = YES;
				CLANG_WARN_ENUM_CONVERSION = YES;
				CLANG_WARN_INFINITE_RECURSION = YES;
				CLANG_WARN_INT_CONVERSION = YES;
				CLANG_WARN_OBJC_ROOT_CLASS = YES_ERROR;
				CLANG_WARN_SUSPICIOUS_MOVE = YES;
				CLANG_WARN_UNREACHABLE_CODE = YES;
				CLANG_WARN__DUPLICATE_METHOD_MATCH = YES;
				"CODE_SIGN_IDENTITY[sdk=iphoneos*]" = "iPhone Developer";
				COPY_PHASE_STRIP = NO;
				DEBUG_INFORMATION_FORMAT = dwarf;
				ENABLE_STRICT_OBJC_MSGSEND = YES;
				ENABLE_TESTABILITY = YES;
				GCC_C_LANGUAGE_STANDARD = gnu99;
				GCC_DYNAMIC_NO_PIC = NO;
				GCC_NO_COMMON_BLOCKS = YES;
				GCC_OPTIMIZATION_LEVEL = 0;
				GCC_PREPROCESSOR_DEFINITIONS = (
					"DEBUG=1",
					"$(inherited)",
				);
				GCC_WARN_64_TO_32_BIT_CONVERSION = YES;
				GCC_WARN_ABOUT_RETURN_TYPE = YES_ERROR;
				GCC_WARN_UNDECLARED_SELECTOR = YES;
				GCC_WARN_UNINITIALIZED_AUTOS = YES_AGGRESSIVE;
				GCC_WARN_UNUSED_FUNCTION = YES;
				GCC_WARN_UNUSED_VARIABLE = YES;
				IPHONEOS_DEPLOYMENT_TARGET = 10.2;
				MTL_ENABLE_DEBUG_INFO = YES;
				ONLY_ACTIVE_ARCH = YES;
				SDKROOT = iphoneos;
				SWIFT_ACTIVE_COMPILATION_CONDITIONS = DEBUG;
				SWIFT_OPTIMIZATION_LEVEL = "-Onone";
			};
			name = Debug;
		};
		44584AC61EAAB9A300AADB0A /* Release */ = {
			isa = XCBuildConfiguration;
			buildSettings = {
				ALWAYS_SEARCH_USER_PATHS = NO;
				CLANG_ANALYZER_NONNULL = YES;
				CLANG_CXX_LANGUAGE_STANDARD = "gnu++0x";
				CLANG_CXX_LIBRARY = "libc++";
				CLANG_ENABLE_MODULES = YES;
				CLANG_ENABLE_OBJC_ARC = YES;
				CLANG_WARN_BOOL_CONVERSION = YES;
				CLANG_WARN_CONSTANT_CONVERSION = YES;
				CLANG_WARN_DIRECT_OBJC_ISA_USAGE = YES_ERROR;
				CLANG_WARN_DOCUMENTATION_COMMENTS = YES;
				CLANG_WARN_EMPTY_BODY = YES;
				CLANG_WARN_ENUM_CONVERSION = YES;
				CLANG_WARN_INFINITE_RECURSION = YES;
				CLANG_WARN_INT_CONVERSION = YES;
				CLANG_WARN_OBJC_ROOT_CLASS = YES_ERROR;
				CLANG_WARN_SUSPICIOUS_MOVE = YES;
				CLANG_WARN_UNREACHABLE_CODE = YES;
				CLANG_WARN__DUPLICATE_METHOD_MATCH = YES;
				"CODE_SIGN_IDENTITY[sdk=iphoneos*]" = "iPhone Developer";
				COPY_PHASE_STRIP = NO;
				DEBUG_INFORMATION_FORMAT = "dwarf-with-dsym";
				ENABLE_NS_ASSERTIONS = NO;
				ENABLE_STRICT_OBJC_MSGSEND = YES;
				GCC_C_LANGUAGE_STANDARD = gnu99;
				GCC_NO_COMMON_BLOCKS = YES;
				GCC_WARN_64_TO_32_BIT_CONVERSION = YES;
				GCC_WARN_ABOUT_RETURN_TYPE = YES_ERROR;
				GCC_WARN_UNDECLARED_SELECTOR = YES;
				GCC_WARN_UNINITIALIZED_AUTOS = YES_AGGRESSIVE;
				GCC_WARN_UNUSED_FUNCTION = YES;
				GCC_WARN_UNUSED_VARIABLE = YES;
				IPHONEOS_DEPLOYMENT_TARGET = 10.2;
				MTL_ENABLE_DEBUG_INFO = NO;
				SDKROOT = iphoneos;
				SWIFT_OPTIMIZATION_LEVEL = "-Owholemodule";
				VALIDATE_PRODUCT = YES;
			};
			name = Release;
		};
		44584AC81EAAB9A300AADB0A /* Debug */ = {
			isa = XCBuildConfiguration;
			buildSettings = {
				ASSETCATALOG_COMPILER_APPICON_NAME = AppIcon;
				INFOPLIST_FILE = TestGit/Info.plist;
				LD_RUNPATH_SEARCH_PATHS = "$(inherited) @executable_path/Frameworks";
				PRODUCT_BUNDLE_IDENTIFIER = ITI.TestGit;
				PRODUCT_NAME = "$(TARGET_NAME)";
				SWIFT_VERSION = 3.0;
			};
			name = Debug;
		};
		44584AC91EAAB9A300AADB0A /* Release */ = {
			isa = XCBuildConfiguration;
			buildSettings = {
				ASSETCATALOG_COMPILER_APPICON_NAME = AppIcon;
				INFOPLIST_FILE = TestGit/Info.plist;
				LD_RUNPATH_SEARCH_PATHS = "$(inherited) @executable_path/Frameworks";
				PRODUCT_BUNDLE_IDENTIFIER = ITI.TestGit;
				PRODUCT_NAME = "$(TARGET_NAME)";
				SWIFT_VERSION = 3.0;
			};
			name = Release;
		};
		44584ACB1EAAB9A300AADB0A /* Debug */ = {
			isa = XCBuildConfiguration;
			buildSettings = {
				ALWAYS_EMBED_SWIFT_STANDARD_LIBRARIES = YES;
				BUNDLE_LOADER = "$(TEST_HOST)";
				INFOPLIST_FILE = TestGitTests/Info.plist;
				LD_RUNPATH_SEARCH_PATHS = "$(inherited) @executable_path/Frameworks @loader_path/Frameworks";
				PRODUCT_BUNDLE_IDENTIFIER = ITI.TestGitTests;
				PRODUCT_NAME = "$(TARGET_NAME)";
				SWIFT_VERSION = 3.0;
				TEST_HOST = "$(BUILT_PRODUCTS_DIR)/TestGit.app/TestGit";
			};
			name = Debug;
		};
		44584ACC1EAAB9A300AADB0A /* Release */ = {
			isa = XCBuildConfiguration;
			buildSettings = {
				ALWAYS_EMBED_SWIFT_STANDARD_LIBRARIES = YES;
				BUNDLE_LOADER = "$(TEST_HOST)";
				INFOPLIST_FILE = TestGitTests/Info.plist;
				LD_RUNPATH_SEARCH_PATHS = "$(inherited) @executable_path/Frameworks @loader_path/Frameworks";
				PRODUCT_BUNDLE_IDENTIFIER = ITI.TestGitTests;
				PRODUCT_NAME = "$(TARGET_NAME)";
				SWIFT_VERSION = 3.0;
				TEST_HOST = "$(BUILT_PRODUCTS_DIR)/TestGit.app/TestGit";
			};
			name = Release;
		};
		44584ACE1EAAB9A300AADB0A /* Debug */ = {
			isa = XCBuildConfiguration;
			buildSettings = {
				ALWAYS_EMBED_SWIFT_STANDARD_LIBRARIES = YES;
				INFOPLIST_FILE = TestGitUITests/Info.plist;
				LD_RUNPATH_SEARCH_PATHS = "$(inherited) @executable_path/Frameworks @loader_path/Frameworks";
				PRODUCT_BUNDLE_IDENTIFIER = ITI.TestGitUITests;
				PRODUCT_NAME = "$(TARGET_NAME)";
				SWIFT_VERSION = 3.0;
				TEST_TARGET_NAME = TestGit;
			};
			name = Debug;
		};
		44584ACF1EAAB9A300AADB0A /* Release */ = {
			isa = XCBuildConfiguration;
			buildSettings = {
				ALWAYS_EMBED_SWIFT_STANDARD_LIBRARIES = YES;
				INFOPLIST_FILE = TestGitUITests/Info.plist;
				LD_RUNPATH_SEARCH_PATHS = "$(inherited) @executable_path/Frameworks @loader_path/Frameworks";
				PRODUCT_BUNDLE_IDENTIFIER = ITI.TestGitUITests;
				PRODUCT_NAME = "$(TARGET_NAME)";
				SWIFT_VERSION = 3.0;
				TEST_TARGET_NAME = TestGit;
			};
			name = Release;
		};
/* End XCBuildConfiguration section */

/* Begin XCConfigurationList section */
		44584A9A1EAAB9A200AADB0A /* Build configuration list for PBXProject "TestGit" */ = {
			isa = XCConfigurationList;
			buildConfigurations = (
				44584AC51EAAB9A300AADB0A /* Debug */,
				44584AC61EAAB9A300AADB0A /* Release */,
			);
			defaultConfigurationIsVisible = 0;
			defaultConfigurationName = Release;
		};
		44584AC71EAAB9A300AADB0A /* Build configuration list for PBXNativeTarget "TestGit" */ = {
			isa = XCConfigurationList;
			buildConfigurations = (
				44584AC81EAAB9A300AADB0A /* Debug */,
				44584AC91EAAB9A300AADB0A /* Release */,
			);
			defaultConfigurationIsVisible = 0;
		};
		44584ACA1EAAB9A300AADB0A /* Build configuration list for PBXNativeTarget "TestGitTests" */ = {
			isa = XCConfigurationList;
			buildConfigurations = (
				44584ACB1EAAB9A300AADB0A /* Debug */,
				44584ACC1EAAB9A300AADB0A /* Release */,
			);
			defaultConfigurationIsVisible = 0;
		};
		44584ACD1EAAB9A300AADB0A /* Build configuration list for PBXNativeTarget "TestGitUITests" */ = {
			isa = XCConfigurationList;
			buildConfigurations = (
				44584ACE1EAAB9A300AADB0A /* Debug */,
				44584ACF1EAAB9A300AADB0A /* Release */,
			);
			defaultConfigurationIsVisible = 0;
		};
/* End XCConfigurationList section */
	};
	rootObject = 44584A971EAAB9A200AADB0A /* Project object */;
}
